
Microsoft Visual Studio Solution File, Format Version 12.00
# Visual Studio 2012
Project("{FAE04EC0-301F-11D3-BF4B-00C04F79EFBC}") = "Commands", "lab5\Commands.csproj", "{CA2CEA22-8ED8-4D2A-AC01-3079E2E05C75}"
EndProject
Project("{FAE04EC0-301F-11D3-BF4B-00C04F79EFBC}") = "Deque", "Deque\Deque.csproj", "{84808AB7-9398-495D-A011-404D73A645D7}"
EndProject
Project("{FAE04EC0-301F-11D3-BF4B-00C04F79EFBC}") = "Humans", "Humans\Humans.csproj", "{6F5DBB44-A558-425B-A00E-C2F4827670CD}"
EndProject
Global
	GlobalSection(SolutionConfigurationPlatforms) = preSolution
		Debug|Any CPU = Debug|Any CPU
		Release|Any CPU = Release|Any CPU
	EndGlobalSection
	GlobalSection(ProjectConfigurationPlatforms) = postSolution
		{CA2CEA22-8ED8-4D2A-AC01-3079E2E05C75}.Debug|Any CPU.ActiveCfg = Debug|Any CPU
		{CA2CEA22-8ED8-4D2A-AC01-3079E2E05C75}.Debug|Any CPU.Build.0 = Debug|Any CPU
		{CA2CEA22-8ED8-4D2A-AC01-3079E2E05C75}.Release|Any CPU.ActiveCfg = Release|Any CPU
		{CA2CEA22-8ED8-4D2A-AC01-3079E2E05C75}.Release|Any CPU.Build.0 = Release|Any CPU
		{84808AB7-9398-495D-A011-404D73A645D7}.Debug|Any CPU.ActiveCfg = Debug|Any CPU
		{84808AB7-9398-495D-A011-404D73A645D7}.Debug|Any CPU.Build.0 = Debug|Any CPU
		{84808AB7-9398-495D-A011-404D73A645D7}.Release|Any CPU.ActiveCfg = Release|Any CPU
		{84808AB7-9398-495D-A011-404D73A645D7}.Release|Any CPU.Build.0 = Release|Any CPU
		{6F5DBB44-A558-425B-A00E-C2F4827670CD}.Debug|Any CPU.ActiveCfg = Debug|Any CPU
		{6F5DBB44-A558-425B-A00E-C2F4827670CD}.Debug|Any CPU.Build.0 = Debug|Any CPU
		{6F5DBB44-A558-425B-A00E-C2F4827670CD}.Release|Any CPU.ActiveCfg = Release|Any CPU
		{6F5DBB44-A558-425B-A00E-C2F4827670CD}.Release|Any CPU.Build.0 = Release|Any CPU
	EndGlobalSection
	GlobalSection(SolutionProperties) = preSolution
		HideSolutionNode = FALSE
	EndGlobalSection
EndGlobal
